
Microsoft Visual Studio Solution File, Format Version 12.00
# Visual Studio Version 17
VisualStudioVersion = 17.13.35931.197
MinimumVisualStudioVersion = 10.0.40219.1
Project("{FAE04EC0-301F-11D3-BF4B-00C04F79EFBC}") = "AdcsExitModule", "AdcsExitModule\AdcsExitModule.csproj", "{74E4302F-9AB9-7EF8-614D-4FDFC157436F}"
EndProject
Project("{FAE04EC0-301F-11D3-BF4B-00C04F79EFBC}") = "AdcsCertificateWebApi", "AdcsCertificateWebApi\AdcsCertificateWebApi.csproj", "{C0D7555A-C69F-1F1C-CE72-62EB609045F7}"
EndProject
Global
	GlobalSection(SolutionConfigurationPlatforms) = preSolution
		Debug|x64 = Debug|x64
		Release|x64 = Release|x64
	EndGlobalSection
	GlobalSection(ProjectConfigurationPlatforms) = postSolution
		{74E4302F-9AB9-7EF8-614D-4FDFC157436F}.Debug|x64.ActiveCfg = Debug|x64
		{74E4302F-9AB9-7EF8-614D-4FDFC157436F}.Debug|x64.Build.0 = Debug|x64
		{74E4302F-9AB9-7EF8-614D-4FDFC157436F}.Release|x64.ActiveCfg = Release|x64
		{74E4302F-9AB9-7EF8-614D-4FDFC157436F}.Release|x64.Build.0 = Release|x64
		{C0D7555A-C69F-1F1C-CE72-62EB609045F7}.Debug|x64.ActiveCfg = Debug|x64
		{C0D7555A-C69F-1F1C-CE72-62EB609045F7}.Debug|x64.Build.0 = Debug|x64
		{C0D7555A-C69F-1F1C-CE72-62EB609045F7}.Release|x64.ActiveCfg = Release|x64
		{C0D7555A-C69F-1F1C-CE72-62EB609045F7}.Release|x64.Build.0 = Release|x64
	EndGlobalSection
	GlobalSection(SolutionProperties) = preSolution
		HideSolutionNode = FALSE
	EndGlobalSection
	GlobalSection(ExtensibilityGlobals) = postSolution
		SolutionGuid = {2C9C931F-6F63-4965-9614-690F3F49E627}
	EndGlobalSection
EndGlobal
